Terraform used the selected providers to generate the following execution plan. Resource actions are indicated with the following symbols:
  + create

Terraform will perform the following actions:

  # azurerm_availability_set.main will be created
  + resource "azurerm_availability_set" "main" {
      + id                           = (known after apply)
      + location                     = "westeurope"
      + managed                      = true
      + name                         = "udacity-aset"
      + platform_fault_domain_count  = 3
      + platform_update_domain_count = 5
      + resource_group_name          = "rg-udacity-devops-project1"
      + tags                         = {
          + "Project" = "DevOps Project 1"
        }
    }

  # azurerm_lb.main will be created
  + resource "azurerm_lb" "main" {
      + id                   = (known after apply)
      + location             = "westeurope"
      + name                 = "udacity-lb"
      + private_ip_address   = (known after apply)
      + private_ip_addresses = (known after apply)
      + resource_group_name  = "rg-udacity-devops-project1"
      + sku                  = "Basic"
      + tags                 = {
          + "Project" = "DevOps Project 1"
        }

      + frontend_ip_configuration {
          + id                            = (known after apply)
          + inbound_nat_rules             = (known after apply)
          + load_balancer_rules           = (known after apply)
          + name                          = "PublicIPAddress"
          + outbound_rules                = (known after apply)
          + private_ip_address            = (known after apply)
          + private_ip_address_allocation = (known after apply)
          + private_ip_address_version    = "IPv4"
          + public_ip_address_id          = (known after apply)
          + public_ip_prefix_id           = (known after apply)
          + subnet_id                     = (known after apply)
        }
    }

  # azurerm_lb_backend_address_pool.main will be created
  + resource "azurerm_lb_backend_address_pool" "main" {
      + backend_ip_configurations = (known after apply)
      + id                        = (known after apply)
      + load_balancing_rules      = (known after apply)
      + loadbalancer_id           = (known after apply)
      + name                      = "BackendPool"
      + outbound_rules            = (known after apply)
      + resource_group_name       = (known after apply)
    }

  # azurerm_lb_probe.main will be created
  + resource "azurerm_lb_probe" "main" {
      + id                  = (known after apply)
      + interval_in_seconds = 15
      + load_balancer_rules = (known after apply)
      + loadbalancer_id     = (known after apply)
      + name                = "udacity-probe"
      + number_of_probes    = 2
      + port                = 80
      + protocol            = (known after apply)
      + resource_group_name = "rg-udacity-devops-project1"
    }

  # azurerm_lb_rule.main will be created
  + resource "azurerm_lb_rule" "main" {
      + backend_address_pool_id        = (known after apply)
      + backend_port                   = 80
      + disable_outbound_snat          = false
      + enable_floating_ip             = false
      + frontend_ip_configuration_id   = (known after apply)
      + frontend_ip_configuration_name = "PublicIPAddress"
      + frontend_port                  = 80
      + id                             = (known after apply)
      + idle_timeout_in_minutes        = (known after apply)
      + load_distribution              = (known after apply)
      + loadbalancer_id                = (known after apply)
      + name                           = "http"
      + probe_id                       = (known after apply)
      + protocol                       = "Tcp"
      + resource_group_name            = "rg-udacity-devops-project1"
    }

  # azurerm_linux_virtual_machine.main[0] will be created
  + resource "azurerm_linux_virtual_machine" "main" {
      + admin_password                  = (sensitive value)
      + admin_username                  = "vmuser"
      + allow_extension_operations      = true
      + availability_set_id             = (known after apply)
      + computer_name                   = (known after apply)
      + disable_password_authentication = false
      + extensions_time_budget          = "PT1H30M"
      + id                              = (known after apply)
      + location                        = "westeurope"
      + max_bid_price                   = -1
      + name                            = "udacity-0-vm"
      + network_interface_ids           = (known after apply)
      + platform_fault_domain           = -1
      + priority                        = "Regular"
      + private_ip_address              = (known after apply)
      + private_ip_addresses            = (known after apply)
      + provision_vm_agent              = true
      + public_ip_address               = (known after apply)
      + public_ip_addresses             = (known after apply)
      + resource_group_name             = "rg-udacity-devops-project1"
      + size                            = "Standard_A2"
      + source_image_id                 = "/subscriptions/7d22226c-9d23-4835-b2aa-efe5f5219159/resourceGroups/rg-packer/providers/Microsoft.Compute/images/project1image"
      + tags                            = {
          + "Project" = "DevOps Project 1"
        }
      + virtual_machine_id              = (known after apply)
      + zone                            = (known after apply)

      + os_disk {
          + caching                   = "ReadWrite"
          + disk_size_gb              = (known after apply)
          + name                      = "udacity-osdisk-0"
          + storage_account_type      = "Standard_LRS"
          + write_accelerator_enabled = false
        }
    }

  # azurerm_linux_virtual_machine.main[1] will be created
  + resource "azurerm_linux_virtual_machine" "main" {
      + admin_password                  = (sensitive value)
      + admin_username                  = "vmuser"
      + allow_extension_operations      = true
      + availability_set_id             = (known after apply)
      + computer_name                   = (known after apply)
      + disable_password_authentication = false
      + extensions_time_budget          = "PT1H30M"
      + id                              = (known after apply)
      + location                        = "westeurope"
      + max_bid_price                   = -1
      + name                            = "udacity-1-vm"
      + network_interface_ids           = (known after apply)
      + platform_fault_domain           = -1
      + priority                        = "Regular"
      + private_ip_address              = (known after apply)
      + private_ip_addresses            = (known after apply)
      + provision_vm_agent              = true
      + public_ip_address               = (known after apply)
      + public_ip_addresses             = (known after apply)
      + resource_group_name             = "rg-udacity-devops-project1"
      + size                            = "Standard_A2"
      + source_image_id                 = "/subscriptions/7d22226c-9d23-4835-b2aa-efe5f5219159/resourceGroups/rg-packer/providers/Microsoft.Compute/images/project1image"
      + tags                            = {
          + "Project" = "DevOps Project 1"
        }
      + virtual_machine_id              = (known after apply)
      + zone                            = (known after apply)

      + os_disk {
          + caching                   = "ReadWrite"
          + disk_size_gb              = (known after apply)
          + name                      = "udacity-osdisk-1"
          + storage_account_type      = "Standard_LRS"
          + write_accelerator_enabled = false
        }
    }

  # azurerm_managed_disk.main[0] will be created
  + resource "azurerm_managed_disk" "main" {
      + create_option        = "Empty"
      + disk_iops_read_write = (known after apply)
      + disk_mbps_read_write = (known after apply)
      + disk_size_gb         = 1
      + id                   = (known after apply)
      + location             = "westeurope"
      + name                 = "udacity-0-datadisk"
      + resource_group_name  = "rg-udacity-devops-project1"
      + source_uri           = (known after apply)
      + storage_account_type = "Standard_LRS"
      + tags                 = {
          + "Project" = "DevOps Project 1"
        }
    }

  # azurerm_managed_disk.main[1] will be created
  + resource "azurerm_managed_disk" "main" {
      + create_option        = "Empty"
      + disk_iops_read_write = (known after apply)
      + disk_mbps_read_write = (known after apply)
      + disk_size_gb         = 1
      + id                   = (known after apply)
      + location             = "westeurope"
      + name                 = "udacity-1-datadisk"
      + resource_group_name  = "rg-udacity-devops-project1"
      + source_uri           = (known after apply)
      + storage_account_type = "Standard_LRS"
      + tags                 = {
          + "Project" = "DevOps Project 1"
        }
    }

  # azurerm_network_interface.main[0] will be created
  + resource "azurerm_network_interface" "main" {
      + applied_dns_servers           = (known after apply)
      + dns_servers                   = (known after apply)
      + enable_accelerated_networking = false
      + enable_ip_forwarding          = false
      + id                            = (known after apply)
      + internal_dns_name_label       = (known after apply)
      + internal_domain_name_suffix   = (known after apply)
      + location                      = "westeurope"
      + mac_address                   = (known after apply)
      + name                          = "udacity-0-nic"
      + private_ip_address            = (known after apply)
      + private_ip_addresses          = (known after apply)
      + resource_group_name           = "rg-udacity-devops-project1"
      + tags                          = {
          + "Project" = "DevOps Project 1"
        }
      + virtual_machine_id            = (known after apply)

      + ip_configuration {
          + name                          = "udacity-ipconf"
          + primary                       = (known after apply)
          + private_ip_address            = (known after apply)
          + private_ip_address_allocation = "dynamic"
          + private_ip_address_version    = "IPv4"
          + subnet_id                     = (known after apply)
        }
    }

  # azurerm_network_interface.main[1] will be created
  + resource "azurerm_network_interface" "main" {
      + applied_dns_servers           = (known after apply)
      + dns_servers                   = (known after apply)
      + enable_accelerated_networking = false
      + enable_ip_forwarding          = false
      + id                            = (known after apply)
      + internal_dns_name_label       = (known after apply)
      + internal_domain_name_suffix   = (known after apply)
      + location                      = "westeurope"
      + mac_address                   = (known after apply)
      + name                          = "udacity-1-nic"
      + private_ip_address            = (known after apply)
      + private_ip_addresses          = (known after apply)
      + resource_group_name           = "rg-udacity-devops-project1"
      + tags                          = {
          + "Project" = "DevOps Project 1"
        }
      + virtual_machine_id            = (known after apply)

      + ip_configuration {
          + name                          = "udacity-ipconf"
          + primary                       = (known after apply)
          + private_ip_address            = (known after apply)
          + private_ip_address_allocation = "dynamic"
          + private_ip_address_version    = "IPv4"
          + subnet_id                     = (known after apply)
        }
    }

  # azurerm_network_interface_backend_address_pool_association.main[0] will be created
  + resource "azurerm_network_interface_backend_address_pool_association" "main" {
      + backend_address_pool_id = (known after apply)
      + id                      = (known after apply)
      + ip_configuration_name   = "udacity-ipconf"
      + network_interface_id    = (known after apply)
    }

  # azurerm_network_interface_backend_address_pool_association.main[1] will be created
  + resource "azurerm_network_interface_backend_address_pool_association" "main" {
      + backend_address_pool_id = (known after apply)
      + id                      = (known after apply)
      + ip_configuration_name   = "udacity-ipconf"
      + network_interface_id    = (known after apply)
    }

  # azurerm_network_interface_security_group_association.main[0] will be created
  + resource "azurerm_network_interface_security_group_association" "main" {
      + id                        = (known after apply)
      + network_interface_id      = (known after apply)
      + network_security_group_id = (known after apply)
    }

  # azurerm_network_interface_security_group_association.main[1] will be created
  + resource "azurerm_network_interface_security_group_association" "main" {
      + id                        = (known after apply)
      + network_interface_id      = (known after apply)
      + network_security_group_id = (known after apply)
    }

  # azurerm_network_security_group.main will be created
  + resource "azurerm_network_security_group" "main" {
      + id                  = (known after apply)
      + location            = "westeurope"
      + name                = "udacity-nsg"
      + resource_group_name = "rg-udacity-devops-project1"
      + security_rule       = [
          + {
              + access                                     = "Allow"
              + description                                = ""
              + destination_address_prefix                 = "*"
              + destination_address_prefixes               = []
              + destination_application_security_group_ids = []
              + destination_port_range                     = "*"
              + destination_port_ranges                    = []
              + direction                                  = "Inbound"
              + name                                       = "allow_subnet"
              + priority                                   = 100
              + protocol                                   = "*"
              + source_address_prefix                      = "VirtualNetwork"
              + source_address_prefixes                    = []
              + source_application_security_group_ids      = []
              + source_port_range                          = "*"
              + source_port_ranges                         = []
            },
          + {
              + access                                     = "Deny"
              + description                                = ""
              + destination_address_prefix                 = "*"
              + destination_address_prefixes               = []
              + destination_application_security_group_ids = []
              + destination_port_range                     = "*"
              + destination_port_ranges                    = []
              + direction                                  = "Inbound"
              + name                                       = "deny_internet"
              + priority                                   = 110
              + protocol                                   = "*"
              + source_address_prefix                      = "Internet"
              + source_address_prefixes                    = []
              + source_application_security_group_ids      = []
              + source_port_range                          = "*"
              + source_port_ranges                         = []
            },
        ]
      + tags                = {
          + "Project" = "DevOps Project 1"
        }
    }

  # azurerm_public_ip.publicip will be created
  + resource "azurerm_public_ip" "publicip" {
      + allocation_method       = "Static"
      + fqdn                    = (known after apply)
      + id                      = (known after apply)
      + idle_timeout_in_minutes = 4
      + ip_address              = (known after apply)
      + ip_version              = "IPv4"
      + location                = "westeurope"
      + name                    = "udacity-ip"
      + resource_group_name     = "rg-udacity-devops-project1"
      + sku                     = "Basic"
      + tags                    = {
          + "Project" = "DevOps Project 1"
        }
    }

  # azurerm_resource_group.main will be created
  + resource "azurerm_resource_group" "main" {
      + id       = (known after apply)
      + location = "westeurope"
      + name     = "rg-udacity-devops-project1"
      + tags     = {
          + "Project" = "DevOps Project 1"
        }
    }

  # azurerm_subnet.main will be created
  + resource "azurerm_subnet" "main" {
      + address_prefix                                 = (known after apply)
      + address_prefixes                               = [
          + "10.0.2.0/24",
        ]
      + enforce_private_link_endpoint_network_policies = false
      + enforce_private_link_service_network_policies  = false
      + id                                             = (known after apply)
      + name                                           = "VMs"
      + resource_group_name                            = "rg-udacity-devops-project1"
      + virtual_network_name                           = "udacity-network"
    }

  # azurerm_subnet_network_security_group_association.main will be created
  + resource "azurerm_subnet_network_security_group_association" "main" {
      + id                        = (known after apply)
      + network_security_group_id = (known after apply)
      + subnet_id                 = (known after apply)
    }

  # azurerm_virtual_machine_data_disk_attachment.main[0] will be created
  + resource "azurerm_virtual_machine_data_disk_attachment" "main" {
      + caching                   = "ReadWrite"
      + create_option             = "Attach"
      + id                        = (known after apply)
      + lun                       = 10
      + managed_disk_id           = (known after apply)
      + virtual_machine_id        = (known after apply)
      + write_accelerator_enabled = false
    }

  # azurerm_virtual_machine_data_disk_attachment.main[1] will be created
  + resource "azurerm_virtual_machine_data_disk_attachment" "main" {
      + caching                   = "ReadWrite"
      + create_option             = "Attach"
      + id                        = (known after apply)
      + lun                       = 10
      + managed_disk_id           = (known after apply)
      + virtual_machine_id        = (known after apply)
      + write_accelerator_enabled = false
    }

  # azurerm_virtual_network.main will be created
  + resource "azurerm_virtual_network" "main" {
      + address_space         = [
          + "10.0.0.0/22",
        ]
      + guid                  = (known after apply)
      + id                    = (known after apply)
      + location              = "westeurope"
      + name                  = "udacity-network"
      + resource_group_name   = "rg-udacity-devops-project1"
      + subnet                = (known after apply)
      + tags                  = {
          + "Project" = "DevOps Project 1"
        }
      + vm_protection_enabled = false
    }

Plan: 23 to add, 0 to change, 0 to destroy.

────────────────────────────────────────────────────────────────────────────────────────────────────────────────────────────────────────────────────────────────────────────────────────────────────────────────── 

Saved the plan to: solution.plan

To perform exactly these actions, run the following command to apply:
    terraform apply "solution.plan"